
Microsoft Visual Studio Solution File, Format Version 12.00
# Visual Studio 15
VisualStudioVersion = 15.0.26124.0
MinimumVisualStudioVersion = 15.0.26124.0
Project("{2150E333-8FDC-42A3-9474-1A3956D46DE8}") = "test", "test", "{EEEC0AA2-6C88-4CD4-90CD-525EE147D2A6}"
EndProject
Project("{2150E333-8FDC-42A3-9474-1A3956D46DE8}") = "web", "web", "{607B6C8F-358C-44B8-85F8-DDA59C1D68FA}"
EndProject
Project("{FAE04EC0-301F-11D3-BF4B-00C04F79EFBC}") = "ONS.SDK.Test.Web", "test\web\ONS.SDK.Test.Web\ONS.SDK.Test.Web.csproj", "{5E40DB95-A09B-449D-9891-EE8349E02A41}"
EndProject
Project("{2150E333-8FDC-42A3-9474-1A3956D46DE8}") = "console", "console", "{30F6794F-25C6-4C5B-950A-626872F02228}"
EndProject
Project("{FAE04EC0-301F-11D3-BF4B-00C04F79EFBC}") = "ONS.SDK.Test.Console", "test\console\ONS.SDK.Test.Console\ONS.SDK.Test.Console.csproj", "{C1E69790-0CA7-491B-BA11-EFE256EBB17E}"
EndProject
Project("{2150E333-8FDC-42A3-9474-1A3956D46DE8}") = "unit", "unit", "{D6878BB0-A616-4C63-AF93-1A7641DA5B5F}"
EndProject
Project("{FAE04EC0-301F-11D3-BF4B-00C04F79EFBC}") = "ONS.SDK.Test.Unit", "test\unit\ONS.SDK.Test.unit\ONS.SDK.Test.Unit.csproj", "{E1058355-8A97-444A-B862-6D7EE109B70E}"
EndProject
Project("{2150E333-8FDC-42A3-9474-1A3956D46DE8}") = "sdk", "sdk", "{FF687101-CE7F-45A1-A88C-F77EFFDB1E81}"
EndProject
Project("{FAE04EC0-301F-11D3-BF4B-00C04F79EFBC}") = "ONS.SDK", "sdk\ONS.SDK\ONS.SDK.csproj", "{6315CE20-2A9A-4717-8A50-30710A46636A}"
EndProject
Global
	GlobalSection(SolutionConfigurationPlatforms) = preSolution
		Debug|Any CPU = Debug|Any CPU
		Debug|x64 = Debug|x64
		Debug|x86 = Debug|x86
		Release|Any CPU = Release|Any CPU
		Release|x64 = Release|x64
		Release|x86 = Release|x86
	EndGlobalSection
	GlobalSection(SolutionProperties) = preSolution
		HideSolutionNode = FALSE
	EndGlobalSection
	GlobalSection(ProjectConfigurationPlatforms) = postSolution
		{5E40DB95-A09B-449D-9891-EE8349E02A41}.Debug|Any CPU.ActiveCfg = Debug|Any CPU
		{5E40DB95-A09B-449D-9891-EE8349E02A41}.Debug|Any CPU.Build.0 = Debug|Any CPU
		{5E40DB95-A09B-449D-9891-EE8349E02A41}.Debug|x64.ActiveCfg = Debug|Any CPU
		{5E40DB95-A09B-449D-9891-EE8349E02A41}.Debug|x64.Build.0 = Debug|Any CPU
		{5E40DB95-A09B-449D-9891-EE8349E02A41}.Debug|x86.ActiveCfg = Debug|Any CPU
		{5E40DB95-A09B-449D-9891-EE8349E02A41}.Debug|x86.Build.0 = Debug|Any CPU
		{5E40DB95-A09B-449D-9891-EE8349E02A41}.Release|Any CPU.ActiveCfg = Release|Any CPU
		{5E40DB95-A09B-449D-9891-EE8349E02A41}.Release|Any CPU.Build.0 = Release|Any CPU
		{5E40DB95-A09B-449D-9891-EE8349E02A41}.Release|x64.ActiveCfg = Release|Any CPU
		{5E40DB95-A09B-449D-9891-EE8349E02A41}.Release|x64.Build.0 = Release|Any CPU
		{5E40DB95-A09B-449D-9891-EE8349E02A41}.Release|x86.ActiveCfg = Release|Any CPU
		{5E40DB95-A09B-449D-9891-EE8349E02A41}.Release|x86.Build.0 = Release|Any CPU
		{C1E69790-0CA7-491B-BA11-EFE256EBB17E}.Debug|Any CPU.ActiveCfg = Debug|Any CPU
		{C1E69790-0CA7-491B-BA11-EFE256EBB17E}.Debug|Any CPU.Build.0 = Debug|Any CPU
		{C1E69790-0CA7-491B-BA11-EFE256EBB17E}.Debug|x64.ActiveCfg = Debug|Any CPU
		{C1E69790-0CA7-491B-BA11-EFE256EBB17E}.Debug|x64.Build.0 = Debug|Any CPU
		{C1E69790-0CA7-491B-BA11-EFE256EBB17E}.Debug|x86.ActiveCfg = Debug|Any CPU
		{C1E69790-0CA7-491B-BA11-EFE256EBB17E}.Debug|x86.Build.0 = Debug|Any CPU
		{C1E69790-0CA7-491B-BA11-EFE256EBB17E}.Release|Any CPU.ActiveCfg = Release|Any CPU
		{C1E69790-0CA7-491B-BA11-EFE256EBB17E}.Release|Any CPU.Build.0 = Release|Any CPU
		{C1E69790-0CA7-491B-BA11-EFE256EBB17E}.Release|x64.ActiveCfg = Release|Any CPU
		{C1E69790-0CA7-491B-BA11-EFE256EBB17E}.Release|x64.Build.0 = Release|Any CPU
		{C1E69790-0CA7-491B-BA11-EFE256EBB17E}.Release|x86.ActiveCfg = Release|Any CPU
		{C1E69790-0CA7-491B-BA11-EFE256EBB17E}.Release|x86.Build.0 = Release|Any CPU
		{E1058355-8A97-444A-B862-6D7EE109B70E}.Debug|Any CPU.ActiveCfg = Debug|Any CPU
		{E1058355-8A97-444A-B862-6D7EE109B70E}.Debug|Any CPU.Build.0 = Debug|Any CPU
		{E1058355-8A97-444A-B862-6D7EE109B70E}.Debug|x64.ActiveCfg = Debug|Any CPU
		{E1058355-8A97-444A-B862-6D7EE109B70E}.Debug|x64.Build.0 = Debug|Any CPU
		{E1058355-8A97-444A-B862-6D7EE109B70E}.Debug|x86.ActiveCfg = Debug|Any CPU
		{E1058355-8A97-444A-B862-6D7EE109B70E}.Debug|x86.Build.0 = Debug|Any CPU
		{E1058355-8A97-444A-B862-6D7EE109B70E}.Release|Any CPU.ActiveCfg = Release|Any CPU
		{E1058355-8A97-444A-B862-6D7EE109B70E}.Release|Any CPU.Build.0 = Release|Any CPU
		{E1058355-8A97-444A-B862-6D7EE109B70E}.Release|x64.ActiveCfg = Release|Any CPU
		{E1058355-8A97-444A-B862-6D7EE109B70E}.Release|x64.Build.0 = Release|Any CPU
		{E1058355-8A97-444A-B862-6D7EE109B70E}.Release|x86.ActiveCfg = Release|Any CPU
		{E1058355-8A97-444A-B862-6D7EE109B70E}.Release|x86.Build.0 = Release|Any CPU
		{6315CE20-2A9A-4717-8A50-30710A46636A}.Debug|Any CPU.ActiveCfg = Debug|Any CPU
		{6315CE20-2A9A-4717-8A50-30710A46636A}.Debug|Any CPU.Build.0 = Debug|Any CPU
		{6315CE20-2A9A-4717-8A50-30710A46636A}.Debug|x64.ActiveCfg = Debug|Any CPU
		{6315CE20-2A9A-4717-8A50-30710A46636A}.Debug|x64.Build.0 = Debug|Any CPU
		{6315CE20-2A9A-4717-8A50-30710A46636A}.Debug|x86.ActiveCfg = Debug|Any CPU
		{6315CE20-2A9A-4717-8A50-30710A46636A}.Debug|x86.Build.0 = Debug|Any CPU
		{6315CE20-2A9A-4717-8A50-30710A46636A}.Release|Any CPU.ActiveCfg = Release|Any CPU
		{6315CE20-2A9A-4717-8A50-30710A46636A}.Release|Any CPU.Build.0 = Release|Any CPU
		{6315CE20-2A9A-4717-8A50-30710A46636A}.Release|x64.ActiveCfg = Release|Any CPU
		{6315CE20-2A9A-4717-8A50-30710A46636A}.Release|x64.Build.0 = Release|Any CPU
		{6315CE20-2A9A-4717-8A50-30710A46636A}.Release|x86.ActiveCfg = Release|Any CPU
		{6315CE20-2A9A-4717-8A50-30710A46636A}.Release|x86.Build.0 = Release|Any CPU
	EndGlobalSection
	GlobalSection(NestedProjects) = preSolution
		{607B6C8F-358C-44B8-85F8-DDA59C1D68FA} = {EEEC0AA2-6C88-4CD4-90CD-525EE147D2A6}
		{5E40DB95-A09B-449D-9891-EE8349E02A41} = {607B6C8F-358C-44B8-85F8-DDA59C1D68FA}
		{30F6794F-25C6-4C5B-950A-626872F02228} = {EEEC0AA2-6C88-4CD4-90CD-525EE147D2A6}
		{C1E69790-0CA7-491B-BA11-EFE256EBB17E} = {30F6794F-25C6-4C5B-950A-626872F02228}
		{D6878BB0-A616-4C63-AF93-1A7641DA5B5F} = {EEEC0AA2-6C88-4CD4-90CD-525EE147D2A6}
		{E1058355-8A97-444A-B862-6D7EE109B70E} = {D6878BB0-A616-4C63-AF93-1A7641DA5B5F}
		{6315CE20-2A9A-4717-8A50-30710A46636A} = {FF687101-CE7F-45A1-A88C-F77EFFDB1E81}
	EndGlobalSection
EndGlobal
